{
  "originHash" : "279ac8fc26785d2f286e49b49a1a5fa8f1ba678b9bfcc80bba8025c44f912062",
  "pins" : [
    {
      "identity" : "tiktok-opensdk-ios",
      "kind" : "remoteSourceControl",
      "location" : "https://github.com/tiktok/tiktok-opensdk-ios.git",
      "state" : {
        "revision" : "cb0cdc785b653c3be116fd1302ec280fbcfac695",
        "version" : "2.5.0"
      }
    }
  ],
  "version" : 3
}
